
Microsoft Visual Studio Solution File, Format Version 12.00
# Visual Studio Version 17
VisualStudioVersion = 17.8.34330.188
MinimumVisualStudioVersion = 10.0.40219.1
Project("{FAE04EC0-301F-11D3-BF4B-00C04F79EFBC}") = "MVVMproject", "MVVMproject\MVVMproject.csproj", "{8636A045-8BF3-466E-89BB-12B061286409}"
EndProject
Global
	GlobalSection(SolutionConfigurationPlatforms) = preSolution
		Debug|Any CPU = Debug|Any CPU
		Release|Any CPU = Release|Any CPU
	EndGlobalSection
	GlobalSection(ProjectConfigurationPlatforms) = postSolution
		{8636A045-8BF3-466E-89BB-12B061286409}.Debug|Any CPU.ActiveCfg = Debug|Any CPU
		{8636A045-8BF3-466E-89BB-12B061286409}.Debug|Any CPU.Build.0 = Debug|Any CPU
		{8636A045-8BF3-466E-89BB-12B061286409}.Release|Any CPU.ActiveCfg = Release|Any CPU
		{8636A045-8BF3-466E-89BB-12B061286409}.Release|Any CPU.Build.0 = Release|Any CPU
	EndGlobalSection
	GlobalSection(SolutionProperties) = preSolution
		HideSolutionNode = FALSE
	EndGlobalSection
	GlobalSection(ExtensibilityGlobals) = postSolution
		SolutionGuid = {7A96AC39-0FEA-46AB-9F10-7DCA6307A28F}
	EndGlobalSection
EndGlobal
